// !$*UTF8*$!
{
	archiveVersion = 1;
	classes = {
	};
	objectVersion = 46;
	objects = {

/* Begin PBXBuildFile section */
		255C556B1B580C7D00F43855 /* AppDelegate.swift in Sources */ = {isa = PBXBuildFile; fileRef = 255C556A1B580C7D00F43855 /* AppDelegate.swift */; };
		255C556D1B580C7D00F43855 /* ViewController.swift in Sources */ = {isa = PBXBuildFile; fileRef = 255C556C1B580C7D00F43855 /* ViewController.swift */; };
		255C55701B580C7D00F43855 /* Main.storyboard in Resources */ = {isa = PBXBuildFile; fileRef = 255C556E1B580C7D00F43855 /* Main.storyboard */; };
		255C55721B580C7D00F43855 /* Images.xcassets in Resources */ = {isa = PBXBuildFile; fileRef = 255C55711B580C7D00F43855 /* Images.xcassets */; };
		255C55751B580C7D00F43855 /* LaunchScreen.xib in Resources */ = {isa = PBXBuildFile; fileRef = 255C55731B580C7D00F43855 /* LaunchScreen.xib */; };
		255C55811B580C7E00F43855 /* UserLoginAndRegisterTests.swift in Sources */ = {isa = PBXBuildFile; fileRef = 255C55801B580C7E00F43855 /* UserLoginAndRegisterTests.swift */; };
		255C558D1B58165800F43855 /* RegisterPageViewController.swift in Sources */ = {isa = PBXBuildFile; fileRef = 255C558C1B58165800F43855 /* RegisterPageViewController.swift */; };
		255C55911B581D8700F43855 /* LoginViewController.swift in Sources */ = {isa = PBXBuildFile; fileRef = 255C55901B581D8700F43855 /* LoginViewController.swift */; };
/* End PBXBuildFile section */

/* Begin PBXContainerItemProxy section */
		255C557B1B580C7E00F43855 /* PBXContainerItemProxy */ = {
			isa = PBXContainerItemProxy;
			containerPortal = 255C555D1B580C7D00F43855 /* Project object */;
			proxyType = 1;
			remoteGlobalIDString = 255C55641B580C7D00F43855;
			remoteInfo = UserLoginAndRegister;
		};
/* End PBXContainerItemProxy section */

/* Begin PBXFileReference section */
		255C55651B580C7D00F43855 /* UserLoginAndRegister.app */ = {isa = PBXFileReference; explicitFileType = wrapper.application; includeInIndex = 0; path = UserLoginAndRegister.app; sourceTree = BUILT_PRODUCTS_DIR; };
		255C55691B580C7D00F43855 /* Info.plist */ = {isa = PBXFileReference; lastKnownFileType = text.plist.xml; path = Info.plist; sourceTree = "<group>"; };
		255C556A1B580C7D00F43855 /* AppDelegate.swift */ = {isa = PBXFileReference; lastKnownFileType = sourcecode.swift; path = AppDelegate.swift; sourceTree = "<group>"; };
		255C556C1B580C7D00F43855 /* ViewController.swift */ = {isa = PBXFileReference; lastKnownFileType = sourcecode.swift; path = ViewController.swift; sourceTree = "<group>"; };
		255C556F1B580C7D00F43855 /* Base */ = {isa = PBXFileReference; lastKnownFileType = file.storyboard; name = Base; path = Base.lproj/Main.storyboard; sourceTree = "<group>"; };
		255C55711B580C7D00F43855 /* Images.xcassets */ = {isa = PBXFileReference; lastKnownFileType = folder.assetcatalog; path = Images.xcassets; sourceTree = "<group>"; };
		255C55741B580C7D00F43855 /* Base */ = {isa = PBXFileReference; lastKnownFileType = file.xib; name = Base; path = Base.lproj/LaunchScreen.xib; sourceTree = "<group>"; };
		255C557A1B580C7E00F43855 /* UserLoginAndRegisterTests.xctest */ = {isa = PBXFileReference; explicitFileType = wrapper.cfbundle; includeInIndex = 0; path = UserLoginAndRegisterTests.xctest; sourceTree = BUILT_PRODUCTS_DIR; };
		255C557F1B580C7E00F43855 /* Info.plist */ = {isa = PBXFileReference; lastKnownFileType = text.plist.xml; path = Info.plist; sourceTree = "<group>"; };
		255C55801B580C7E00F43855 /* UserLoginAndRegisterTests.swift */ = {isa = PBXFileReference; lastKnownFileType = sourcecode.swift; path = UserLoginAndRegisterTests.swift; sourceTree = "<group>"; };
		255C558C1B58165800F43855 /* RegisterPageViewController.swift */ = {isa = PBXFileReference; fileEncoding = 4; lastKnownFileType = sourcecode.swift; path = RegisterPageViewController.swift; sourceTree = "<group>"; };
		255C55901B581D8700F43855 /* LoginViewController.swift */ = {isa = PBXFileReference; fileEncoding = 4; lastKnownFileType = sourcecode.swift; path = LoginViewController.swift; sourceTree = "<group>"; };
/* End PBXFileReference section */

/* Begin PBXFrameworksBuildPhase section */
		255C55621B580C7D00F43855 /* Frameworks */ = {
			isa = PBXFrameworksBuildPhase;
			buildActionMask = 2147483647;
			files = (
			);
			runOnlyForDeploymentPostprocessing = 0;
		};
		255C55771B580C7E00F43855 /* Frameworks */ = {
			isa = PBXFrameworksBuildPhase;
			buildActionMask = 2147483647;
			files = (
			);
			runOnlyForDeploymentPostprocessing = 0;
		};
/* End PBXFrameworksBuildPhase section */

/* Begin PBXGroup section */
		255C555C1B580C7D00F43855 = {
			isa = PBXGroup;
			children = (
				255C55671B580C7D00F43855 /* UserLoginAndRegister */,
				255C557D1B580C7E00F43855 /* UserLoginAndRegisterTests */,
				255C55661B580C7D00F43855 /* Products */,
			);
			sourceTree = "<group>";
		};
		255C55661B580C7D00F43855 /* Products */ = {
			isa = PBXGroup;
			children = (
				255C55651B580C7D00F43855 /* UserLoginAndRegister.app */,
				255C557A1B580C7E00F43855 /* UserLoginAndRegisterTests.xctest */,
			);
			name = Products;
			sourceTree = "<group>";
		};
		255C55671B580C7D00F43855 /* UserLoginAndRegister */ = {
			isa = PBXGroup;
			children = (
				255C556A1B580C7D00F43855 /* AppDelegate.swift */,
				255C556C1B580C7D00F43855 /* ViewController.swift */,
				255C556E1B580C7D00F43855 /* Main.storyboard */,
				255C55711B580C7D00F43855 /* Images.xcassets */,
				255C55731B580C7D00F43855 /* LaunchScreen.xib */,
				255C55681B580C7D00F43855 /* Supporting Files */,
				255C558C1B58165800F43855 /* RegisterPageViewController.swift */,
				255C55901B581D8700F43855 /* LoginViewController.swift */,
			);
			path = UserLoginAndRegister;
			sourceTree = "<group>";
		};
		255C55681B580C7D00F43855 /* Supporting Files */ = {
			isa = PBXGroup;
			children = (
				255C55691B580C7D00F43855 /* Info.plist */,
			);
			name = "Supporting Files";
			sourceTree = "<group>";
		};
		255C557D1B580C7E00F43855 /* UserLoginAndRegisterTests */ = {
			isa = PBXGroup;
			children = (
				255C55801B580C7E00F43855 /* UserLoginAndRegisterTests.swift */,
				255C557E1B580C7E00F43855 /* Supporting Files */,
			);
			path = UserLoginAndRegisterTests;
			sourceTree = "<group>";
		};
		255C557E1B580C7E00F43855 /* Supporting Files */ = {
			isa = PBXGroup;
			children = (
				255C557F1B580C7E00F43855 /* Info.plist */,
			);
			name = "Supporting Files";
			sourceTree = "<group>";
		};
/* End PBXGroup section */

/* Begin PBXNativeTarget section */
		255C55641B580C7D00F43855 /* UserLoginAndRegister */ = {
			isa = PBXNativeTarget;
			buildConfigurationList = 255C55841B580C7E00F43855 /* Build configuration list for PBXNativeTarget "UserLoginAndRegister" */;
			buildPhases = (
				255C55611B580C7D00F43855 /* Sources */,
				255C55621B580C7D00F43855 /* Frameworks */,
				255C55631B580C7D00F43855 /* Resources */,
			);
			buildRules = (
			);
			dependencies = (
			);
			name = UserLoginAndRegister;
			productName = UserLoginAndRegister;
			productReference = 255C55651B580C7D00F43855 /* UserLoginAndRegister.app */;
			productType = "com.apple.product-type.application";
		};
		255C55791B580C7E00F43855 /* UserLoginAndRegisterTests */ = {
			isa = PBXNativeTarget;
			buildConfigurationList = 255C55871B580C7E00F43855 /* Build configuration list for PBXNativeTarget "UserLoginAndRegisterTests" */;
			buildPhases = (
				255C55761B580C7E00F43855 /* Sources */,
				255C55771B580C7E00F43855 /* Frameworks */,
				255C55781B580C7E00F43855 /* Resources */,
			);
			buildRules = (
			);
			dependencies = (
				255C557C1B580C7E00F43855 /* PBXTargetDependency */,
			);
			name = UserLoginAndRegisterTests;
			productName = UserLoginAndRegisterTests;
			productReference = 255C557A1B580C7E00F43855 /* UserLoginAndRegisterTests.xctest */;
			productType = "com.apple.product-type.bundle.unit-test";
		};
/* End PBXNativeTarget section */

/* Begin PBXProject section */
		255C555D1B580C7D00F43855 /* Project object */ = {
			isa = PBXProject;
			attributes = {
				LastUpgradeCheck = 0640;
				ORGANIZATIONNAME = "Hey Jude";
				TargetAttributes = {
					255C55641B580C7D00F43855 = {
						CreatedOnToolsVersion = 6.4;
					};
					255C55791B580C7E00F43855 = {
						CreatedOnToolsVersion = 6.4;
						TestTargetID = 255C55641B580C7D00F43855;
					};
				};
			};
			buildConfigurationList = 255C55601B580C7D00F43855 /* Build configuration list for PBXProject "UserLoginAndRegister" */;
			compatibilityVersion = "Xcode 3.2";
			developmentRegion = English;
			hasScannedForEncodings = 0;
			knownRegions = (
				en,
				Base,
			);
			mainGroup = 255C555C1B580C7D00F43855;
			productRefGroup = 255C55661B580C7D00F43855 /* Products */;
			projectDirPath = "";
			projectRoot = "";
			targets = (
				255C55641B580C7D00F43855 /* UserLoginAndRegister */,
				255C55791B580C7E00F43855 /* UserLoginAndRegisterTests */,
			);
		};
/* End PBXProject section */

/* Begin PBXResourcesBuildPhase section */
		255C55631B580C7D00F43855 /* Resources */ = {
			isa = PBXResourcesBuildPhase;
			buildActionMask = 2147483647;
			files = (
				255C55701B580C7D00F43855 /* Main.storyboard in Resources */,
				255C55751B580C7D00F43855 /* LaunchScreen.xib in Resources */,
				255C55721B580C7D00F43855 /* Images.xcassets in Resources */,
			);
			runOnlyForDeploymentPostprocessing = 0;
		};
		255C55781B580C7E00F43855 /* Resources */ = {
			isa = PBXResourcesBuildPhase;
			buildActionMask = 2147483647;
			files = (
			);
			runOnlyForDeploymentPostprocessing = 0;
		};
/* End PBXResourcesBuildPhase section */

/* Begin PBXSourcesBuildPhase section */
		255C55611B580C7D00F43855 /* Sources */ = {
			isa = PBXSourcesBuildPhase;
			buildActionMask = 2147483647;
			files = (
				255C55911B581D8700F43855 /* LoginViewController.swift in Sources */,
				255C556D1B580C7D00F43855 /* ViewController.swift in Sources */,
				255C556B1B580C7D00F43855 /* AppDelegate.swift in Sources */,
				255C558D1B58165800F43855 /* RegisterPageViewController.swift in Sources */,
			);
			runOnlyForDeploymentPostprocessing = 0;
		};
		255C55761B580C7E00F43855 /* Sources */ = {
			isa = PBXSourcesBuildPhase;
			buildActionMask = 2147483647;
			files = (
				255C55811B580C7E00F43855 /* UserLoginAndRegisterTests.swift in Sources */,
			);
			runOnlyForDeploymentPostprocessing = 0;
		};
/* End PBXSourcesBuildPhase section */

/* Begin PBXTargetDependency section */
		255C557C1B580C7E00F43855 /* PBXTargetDependency */ = {
			isa = PBXTargetDependency;
			target = 255C55641B580C7D00F43855 /* UserLoginAndRegister */;
			targetProxy = 255C557B1B580C7E00F43855 /* PBXContainerItemProxy */;
		};
/* End PBXTargetDependency section */

/* Begin PBXVariantGroup section */
		255C556E1B580C7D00F43855 /* Main.storyboard */ = {
			isa = PBXVariantGroup;
			children = (
				255C556F1B580C7D00F43855 /* Base */,
			);
			name = Main.storyboard;
			sourceTree = "<group>";
		};
		255C55731B580C7D00F43855 /* LaunchScreen.xib */ = {
			isa = PBXVariantGroup;
			children = (
				255C55741B580C7D00F43855 /* Base */,
			);
			name = LaunchScreen.xib;
			sourceTree = "<group>";
		};
/* End PBXVariantGroup section */

/* Begin XCBuildConfiguration section */
		255C55821B580C7E00F43855 /* Debug */ = {
			isa = XCBuildConfiguration;
			buildSettings = {
				ALWAYS_SEARCH_USER_PATHS = NO;
				CLANG_CXX_LANGUAGE_STANDARD = "gnu++0x";
				CLANG_CXX_LIBRARY = "libc++";
				CLANG_ENABLE_MODULES = YES;
				CLANG_ENABLE_OBJC_ARC = YES;
				CLANG_WARN_BOOL_CONVERSION = YES;
				CLANG_WARN_CONSTANT_CONVERSION = YES;
				CLANG_WARN_DIRECT_OBJC_ISA_USAGE = YES_ERROR;
				CLANG_WARN_EMPTY_BODY = YES;
				CLANG_WARN_ENUM_CONVERSION = YES;
				CLANG_WARN_INT_CONVERSION = YES;
				CLANG_WARN_OBJC_ROOT_CLASS = YES_ERROR;
				CLANG_WARN_UNREACHABLE_CODE = YES;
				CLANG_WARN__DUPLICATE_METHOD_MATCH = YES;
				"CODE_SIGN_IDENTITY[sdk=iphoneos*]" = "iPhone Developer";
				COPY_PHASE_STRIP = NO;
				DEBUG_INFORMATION_FORMAT = "dwarf-with-dsym";
				ENABLE_STRICT_OBJC_MSGSEND = YES;
				GCC_C_LANGUAGE_STANDARD = gnu99;
				GCC_DYNAMIC_NO_PIC = NO;
				GCC_NO_COMMON_BLOCKS = YES;
				GCC_OPTIMIZATION_LEVEL = 0;
				GCC_PREPROCESSOR_DEFINITIONS = (
					"DEBUG=1",
					"$(inherited)",
				);
				GCC_SYMBOLS_PRIVATE_EXTERN = NO;
				GCC_WARN_64_TO_32_BIT_CONVERSION = YES;
				GCC_WARN_ABOUT_RETURN_TYPE = YES_ERROR;
				GCC_WARN_UNDECLARED_SELECTOR = YES;
				GCC_WARN_UNINITIALIZED_AUTOS = YES_AGGRESSIVE;
				GCC_WARN_UNUSED_FUNCTION = YES;
				GCC_WARN_UNUSED_VARIABLE = YES;
				IPHONEOS_DEPLOYMENT_TARGET = 8.4;
				MTL_ENABLE_DEBUG_INFO = YES;
				ONLY_ACTIVE_ARCH = YES;
				SDKROOT = iphoneos;
				SWIFT_OPTIMIZATION_LEVEL = "-Onone";
			};
			name = Debug;
		};
		255C55831B580C7E00F43855 /* Release */ = {
			isa = XCBuildConfiguration;
			buildSettings = {
				ALWAYS_SEARCH_USER_PATHS = NO;
				CLANG_CXX_LANGUAGE_STANDARD = "gnu++0x";
				CLANG_CXX_LIBRARY = "libc++";
				CLANG_ENABLE_MODULES = YES;
				CLANG_ENABLE_OBJC_ARC = YES;
				CLANG_WARN_BOOL_CONVERSION = YES;
				CLANG_WARN_CONSTANT_CONVERSION = YES;
				CLANG_WARN_DIRECT_OBJC_ISA_USAGE = YES_ERROR;
				CLANG_WARN_EMPTY_BODY = YES;
				CLANG_WARN_ENUM_CONVERSION = YES;
				CLANG_WARN_INT_CONVERSION = YES;
				CLANG_WARN_OBJC_ROOT_CLASS = YES_ERROR;
				CLANG_WARN_UNREACHABLE_CODE = YES;
				CLANG_WARN__DUPLICATE_METHOD_MATCH = YES;
				"CODE_SIGN_IDENTITY[sdk=iphoneos*]" = "iPhone Developer";
				COPY_PHASE_STRIP = NO;
				DEBUG_INFORMATION_FORMAT = "dwarf-with-dsym";
				ENABLE_NS_ASSERTIONS = NO;
				ENABLE_STRICT_OBJC_MSGSEND = YES;
				GCC_C_LANGUAGE_STANDARD = gnu99;
				GCC_NO_COMMON_BLOCKS = YES;
				GCC_WARN_64_TO_32_BIT_CONVERSION = YES;
				GCC_WARN_ABOUT_RETURN_TYPE = YES_ERROR;
				GCC_WARN_UNDECLARED_SELECTOR = YES;
				GCC_WARN_UNINITIALIZED_AUTOS = YES_AGGRESSIVE;
				GCC_WARN_UNUSED_FUNCTION = YES;
				GCC_WARN_UNUSED_VARIABLE = YES;
				IPHONEOS_DEPLOYMENT_TARGET = 8.4;
				MTL_ENABLE_DEBUG_INFO = NO;
				SDKROOT = iphoneos;
				VALIDATE_PRODUCT = YES;
			};
			name = Release;
		};
		255C55851B580C7E00F43855 /* Debug */ = {
			isa = XCBuildConfiguration;
			buildSettings = {
				ASSETCATALOG_COMPILER_APPICON_NAME = AppIcon;
				INFOPLIST_FILE = UserLoginAndRegister/Info.plist;
				LD_RUNPATH_SEARCH_PATHS = "$(inherited) @executable_path/Frameworks";
				PRODUCT_NAME = "$(TARGET_NAME)";
			};
			name = Debug;
		};
		255C55861B580C7E00F43855 /* Release */ = {
			isa = XCBuildConfiguration;
			buildSettings = {
				ASSETCATALOG_COMPILER_APPICON_NAME = AppIcon;
				INFOPLIST_FILE = UserLoginAndRegister/Info.plist;
				LD_RUNPATH_SEARCH_PATHS = "$(inherited) @executable_path/Frameworks";
				PRODUCT_NAME = "$(TARGET_NAME)";
			};
			name = Release;
		};
		255C55881B580C7E00F43855 /* Debug */ = {
			isa = XCBuildConfiguration;
			buildSettings = {
				BUNDLE_LOADER = "$(TEST_HOST)";
				FRAMEWORK_SEARCH_PATHS = (
					"$(SDKROOT)/Developer/Library/Frameworks",
					"$(inherited)",
				);
				GCC_PREPROCESSOR_DEFINITIONS = (
					"DEBUG=1",
					"$(inherited)",
				);
				INFOPLIST_FILE = UserLoginAndRegisterTests/Info.plist;
				LD_RUNPATH_SEARCH_PATHS = "$(inherited) @executable_path/Frameworks @loader_path/Frameworks";
				PRODUCT_NAME = "$(TARGET_NAME)";
				TEST_HOST = "$(BUILT_PRODUCTS_DIR)/UserLoginAndRegister.app/UserLoginAndRegister";
			};
			name = Debug;
		};
		255C55891B580C7E00F43855 /* Release */ = {
			isa = XCBuildConfiguration;
			buildSettings = {
				BUNDLE_LOADER = "$(TEST_HOST)";
				FRAMEWORK_SEARCH_PATHS = (
					"$(SDKROOT)/Developer/Library/Frameworks",
					"$(inherited)",
				);
				INFOPLIST_FILE = UserLoginAndRegisterTests/Info.plist;
				LD_RUNPATH_SEARCH_PATHS = "$(inherited) @executable_path/Frameworks @loader_path/Frameworks";
				PRODUCT_NAME = "$(TARGET_NAME)";
				TEST_HOST = "$(BUILT_PRODUCTS_DIR)/UserLoginAndRegister.app/UserLoginAndRegister";
			};
			name = Release;
		};
/* End XCBuildConfiguration section */

/* Begin XCConfigurationList section */
		255C55601B580C7D00F43855 /* Build configuration list for PBXProject "UserLoginAndRegister" */ = {
			isa = XCConfigurationList;
			buildConfigurations = (
				255C55821B580C7E00F43855 /* Debug */,
				255C55831B580C7E00F43855 /* Release */,
			);
			defaultConfigurationIsVisible = 0;
			defaultConfigurationName = Release;
		};
		255C55841B580C7E00F43855 /* Build configuration list for PBXNativeTarget "UserLoginAndRegister" */ = {
			isa = XCConfigurationList;
			buildConfigurations = (
				255C55851B580C7E00F43855 /* Debug */,
				255C55861B580C7E00F43855 /* Release */,
			);
			defaultConfigurationIsVisible = 0;
			defaultConfigurationName = Release;
		};
		255C55871B580C7E00F43855 /* Build configuration list for PBXNativeTarget "UserLoginAndRegisterTests" */ = {
			isa = XCConfigurationList;
			buildConfigurations = (
				255C55881B580C7E00F43855 /* Debug */,
				255C55891B580C7E00F43855 /* Release */,
			);
			defaultConfigurationIsVisible = 0;
			defaultConfigurationName = Release;
		};
/* End XCConfigurationList section */
	};
	rootObject = 255C555D1B580C7D00F43855 /* Project object */;
}
